
Microsoft Visual Studio Solution File, Format Version 12.00
# Visual Studio Version 17
VisualStudioVersion = 17.7.34024.191
MinimumVisualStudioVersion = 10.0.40219.1
Project("{FAE04EC0-301F-11D3-BF4B-00C04F79EFBC}") = "pract3", "pract3\pract3.csproj", "{ECD06877-2219-4219-A5FC-CAB8238676D7}"
EndProject
Global
	GlobalSection(SolutionConfigurationPlatforms) = preSolution
		Debug|Any CPU = Debug|Any CPU
		Release|Any CPU = Release|Any CPU
	EndGlobalSection
	GlobalSection(ProjectConfigurationPlatforms) = postSolution
		{ECD06877-2219-4219-A5FC-CAB8238676D7}.Debug|Any CPU.ActiveCfg = Debug|Any CPU
		{ECD06877-2219-4219-A5FC-CAB8238676D7}.Debug|Any CPU.Build.0 = Debug|Any CPU
		{ECD06877-2219-4219-A5FC-CAB8238676D7}.Release|Any CPU.ActiveCfg = Release|Any CPU
		{ECD06877-2219-4219-A5FC-CAB8238676D7}.Release|Any CPU.Build.0 = Release|Any CPU
	EndGlobalSection
	GlobalSection(SolutionProperties) = preSolution
		HideSolutionNode = FALSE
	EndGlobalSection
	GlobalSection(ExtensibilityGlobals) = postSolution
		SolutionGuid = {8325A310-CF2E-4979-B037-5E637336CBDE}
	EndGlobalSection
EndGlobal
